
Microsoft Visual Studio Solution File, Format Version 12.00
# Visual Studio Version 17
VisualStudioVersion = 17.11.35327.3
MinimumVisualStudioVersion = 10.0.40219.1
Project("{FAE04EC0-301F-11D3-BF4B-00C04F79EFBC}") = "InClassIS3050March27", "InClassIS3050March27\InClassIS3050March27.csproj", "{5D0EC0C1-C80C-4219-9F67-ED90A2E50AEB}"
EndProject
Global
	GlobalSection(SolutionConfigurationPlatforms) = preSolution
		Debug|Any CPU = Debug|Any CPU
		Release|Any CPU = Release|Any CPU
	EndGlobalSection
	GlobalSection(ProjectConfigurationPlatforms) = postSolution
		{5D0EC0C1-C80C-4219-9F67-ED90A2E50AEB}.Debug|Any CPU.ActiveCfg = Debug|Any CPU
		{5D0EC0C1-C80C-4219-9F67-ED90A2E50AEB}.Debug|Any CPU.Build.0 = Debug|Any CPU
		{5D0EC0C1-C80C-4219-9F67-ED90A2E50AEB}.Release|Any CPU.ActiveCfg = Release|Any CPU
		{5D0EC0C1-C80C-4219-9F67-ED90A2E50AEB}.Release|Any CPU.Build.0 = Release|Any CPU
	EndGlobalSection
	GlobalSection(SolutionProperties) = preSolution
		HideSolutionNode = FALSE
	EndGlobalSection
	GlobalSection(ExtensibilityGlobals) = postSolution
		SolutionGuid = {89A51026-D27A-43B3-9305-30D499CAEC13}
	EndGlobalSection
EndGlobal
